{
  "name": "datatables",
  "lockfileVersion": 3,
  "requires": true,
  "packages": {
    "": {
      "dependencies": {
        "datatables.net-bs5": "^2.0.0"
      }
    },
    "node_modules/datatables.net": {
      "version": "2.0.0",
      "resolved": "https://registry.npmjs.org/datatables.net/-/datatables.net-2.0.0.tgz",
      "integrity": "sha512-HKndZD/qHNZyAhAyC1Bs8S+H652HedZK76xYAjzXR3xDohvxomJ8iWevsoRV4MvHSPgx8GQl3PAdBNpUvn0xJg==",
      "dependencies": {
        "jquery": ">=1.7"
      }
    },
    "node_modules/datatables.net-bs5": {
      "version": "2.0.0",
      "resolved": "https://registry.npmjs.org/datatables.net-bs5/-/datatables.net-bs5-2.0.0.tgz",
      "integrity": "sha512-/Xx3zkMReK/o2a9lXM4hmUB76WesBV9pA+ps+ZvAipX3mBFqILc5rVmkgpDjkZHGzEKwlE46CAsREKqwaTvQnw==",
      "dependencies": {
        "datatables.net": "2.0.0",
        "jquery": ">=1.7"
      }
    },
    "node_modules/jquery": {
      "version": "3.7.1",
      "resolved": "https://registry.npmjs.org/jquery/-/jquery-3.7.1.tgz",
      "integrity": "sha512-m4avr8yL8kmFN8psrbFFFmB/If14iN5o9nw/NgnnM+kybDJpRsAynV2BsfpTYrTRysYUdADVD7CkUUizgkpLfg=="
    }
  }
}
